// !$*UTF8*$!
{
	archiveVersion = 1;
	classes = {
	};
	objectVersion = 46;
	objects = {

/* Begin PBXBuildFile section */
		0FB92B13B3BAB8A382DA6921 /* Pods_j2objcApp.framework in Frameworks */ = {isa = PBXBuildFile; fileRef = 966C8B7AFFF9AA18CCE19CFB /* Pods_j2objcApp.framework */; };
		8C9B3DC021DD597500633621 /* MetroUI_Mac_App_Store.png in Resources */ = {isa = PBXBuildFile; fileRef = 8C9B3DBF21DD597400633621 /* MetroUI_Mac_App_Store.png */; };
		C187B1561FE8A4C700AAFC9B /* AppDelegate.swift in Sources */ = {isa = PBXBuildFile; fileRef = C187B14F1FE8A4C700AAFC9B /* AppDelegate.swift */; };
		C187B1571FE8A4C700AAFC9B /* Assets.xcassets in Resources */ = {isa = PBXBuildFile; fileRef = C187B1501FE8A4C700AAFC9B /* Assets.xcassets */; };
		C187B15A1FE8A4C700AAFC9B /* j2objcApp.xcdatamodeld in Sources */ = {isa = PBXBuildFile; fileRef = C187B1531FE8A4C700AAFC9B /* j2objcApp.xcdatamodeld */; };
		C187B15B1FE8A4C700AAFC9B /* ViewController.swift in Sources */ = {isa = PBXBuildFile; fileRef = C187B1551FE8A4C700AAFC9B /* ViewController.swift */; };
		C1F730931FE9805900AA1F47 /* LaunchScreen.storyboard in Resources */ = {isa = PBXBuildFile; fileRef = C1F7308F1FE9805900AA1F47 /* LaunchScreen.storyboard */; };
		C1F730941FE9805900AA1F47 /* Main.storyboard in Resources */ = {isa = PBXBuildFile; fileRef = C1F730911FE9805900AA1F47 /* Main.storyboard */; };
/* End PBXBuildFile section */

/* Begin PBXFileReference section */
		0D6768043161A2B90BA76945 /* Pods-j2objcApp.debug.xcconfig */ = {isa = PBXFileReference; includeInIndex = 1; lastKnownFileType = text.xcconfig; name = "Pods-j2objcApp.debug.xcconfig"; path = "Pods/Target Support Files/Pods-j2objcApp/Pods-j2objcApp.debug.xcconfig"; sourceTree = "<group>"; };
		10E0723348A3E4FECA4C0F30 /* Pods-j2objcApp.release.xcconfig */ = {isa = PBXFileReference; includeInIndex = 1; lastKnownFileType = text.xcconfig; name = "Pods-j2objcApp.release.xcconfig"; path = "Pods/Target Support Files/Pods-j2objcApp/Pods-j2objcApp.release.xcconfig"; sourceTree = "<group>"; };
		8C9B3DBF21DD597400633621 /* MetroUI_Mac_App_Store.png */ = {isa = PBXFileReference; lastKnownFileType = image.png; path = MetroUI_Mac_App_Store.png; sourceTree = "<group>"; };
		966C8B7AFFF9AA18CCE19CFB /* Pods_j2objcApp.framework */ = {isa = PBXFileReference; explicitFileType = wrapper.framework; includeInIndex = 0; path = Pods_j2objcApp.framework; sourceTree = BUILT_PRODUCTS_DIR; };
		C187B14F1FE8A4C700AAFC9B /* AppDelegate.swift */ = {isa = PBXFileReference; fileEncoding = 4; lastKnownFileType = sourcecode.swift; name = AppDelegate.swift; path = j2objcApp/AppDelegate.swift; sourceTree = "<group>"; };
		C187B1501FE8A4C700AAFC9B /* Assets.xcassets */ = {isa = PBXFileReference; lastKnownFileType = folder.assetcatalog; name = Assets.xcassets; path = j2objcApp/Assets.xcassets; sourceTree = "<group>"; };
		C187B1521FE8A4C700AAFC9B /* Info.plist */ = {isa = PBXFileReference; fileEncoding = 4; lastKnownFileType = text.plist.xml; name = Info.plist; path = j2objcApp/Info.plist; sourceTree = "<group>"; };
		C187B1541FE8A4C700AAFC9B /* j2objcApp.xcdatamodel */ = {isa = PBXFileReference; lastKnownFileType = wrapper.xcdatamodel; path = j2objcApp.xcdatamodel; sourceTree = "<group>"; };
		C187B1551FE8A4C700AAFC9B /* ViewController.swift */ = {isa = PBXFileReference; fileEncoding = 4; lastKnownFileType = sourcecode.swift; name = ViewController.swift; path = j2objcApp/ViewController.swift; sourceTree = "<group>"; };
		C1B61B831FE74E7500524FE4 /* j2objcApp.app */ = {isa = PBXFileReference; explicitFileType = wrapper.application; includeInIndex = 0; path = j2objcApp.app; sourceTree = BUILT_PRODUCTS_DIR; };
		C1B61D2E1FE77A5600524FE4 /* j2objcApp-Bridging-Header.h */ = {isa = PBXFileReference; fileEncoding = 4; lastKnownFileType = sourcecode.c.h; path = "j2objcApp-Bridging-Header.h"; sourceTree = "<group>"; };
		C1F730901FE9805900AA1F47 /* Base */ = {isa = PBXFileReference; lastKnownFileType = file.storyboard; name = Base; path = j2objcApp/Base.lproj/LaunchScreen.storyboard; sourceTree = "<group>"; };
		C1F730921FE9805900AA1F47 /* Base */ = {isa = PBXFileReference; lastKnownFileType = file.storyboard; name = Base; path = j2objcApp/Base.lproj/Main.storyboard; sourceTree = "<group>"; };
/* End PBXFileReference section */

/* Begin PBXFrameworksBuildPhase section */
		C1B61B801FE74E7500524FE4 /* Frameworks */ = {
			isa = PBXFrameworksBuildPhase;
			buildActionMask = 2147483647;
			files = (
				0FB92B13B3BAB8A382DA6921 /* Pods_j2objcApp.framework in Frameworks */,
			);
			runOnlyForDeploymentPostprocessing = 0;
		};
/* End PBXFrameworksBuildPhase section */

/* Begin PBXGroup section */
		0EE46084F3B5B09EEBC1D742 /* Pods */ = {
			isa = PBXGroup;
			children = (
				0D6768043161A2B90BA76945 /* Pods-j2objcApp.debug.xcconfig */,
				10E0723348A3E4FECA4C0F30 /* Pods-j2objcApp.release.xcconfig */,
			);
			name = Pods;
			sourceTree = "<group>";
		};
		2F0589CB5F7C713692CF8C9B /* Frameworks */ = {
			isa = PBXGroup;
			children = (
				966C8B7AFFF9AA18CCE19CFB /* Pods_j2objcApp.framework */,
			);
			name = Frameworks;
			sourceTree = "<group>";
		};
		C187B14E1FE8A4B500AAFC9B /* j2objcApp */ = {
			isa = PBXGroup;
			children = (
				C1F730961FE9809400AA1F47 /* Views */,
				C1F7308C1FE97B4C00AA1F47 /* Images */,
				C187B1501FE8A4C700AAFC9B /* Assets.xcassets */,
				C187B1521FE8A4C700AAFC9B /* Info.plist */,
				C187B1531FE8A4C700AAFC9B /* j2objcApp.xcdatamodeld */,
				C1F730951FE9808300AA1F47 /* Swift */,
			);
			name = j2objcApp;
			sourceTree = "<group>";
		};
		C1B61B7A1FE74E7500524FE4 = {
			isa = PBXGroup;
			children = (
				C1F72FAA1FE9757A00AA1F47 /* J2ObjC Files */,
				C187B14E1FE8A4B500AAFC9B /* j2objcApp */,
				C1B61D2E1FE77A5600524FE4 /* j2objcApp-Bridging-Header.h */,
				C1B61B841FE74E7500524FE4 /* Products */,
				0EE46084F3B5B09EEBC1D742 /* Pods */,
				2F0589CB5F7C713692CF8C9B /* Frameworks */,
			);
			sourceTree = "<group>";
		};
		C1B61B841FE74E7500524FE4 /* Products */ = {
			isa = PBXGroup;
			children = (
				C1B61B831FE74E7500524FE4 /* j2objcApp.app */,
			);
			name = Products;
			sourceTree = "<group>";
		};
		C1F72FAA1FE9757A00AA1F47 /* J2ObjC Files */ = {
			isa = PBXGroup;
			children = (
			);
			name = "J2ObjC Files";
			sourceTree = "<group>";
		};
		C1F7308C1FE97B4C00AA1F47 /* Images */ = {
			isa = PBXGroup;
			children = (
				8C9B3DBF21DD597400633621 /* MetroUI_Mac_App_Store.png */,
			);
			name = Images;
			sourceTree = "<group>";
		};
		C1F730951FE9808300AA1F47 /* Swift */ = {
			isa = PBXGroup;
			children = (
				C187B14F1FE8A4C700AAFC9B /* AppDelegate.swift */,
				C187B1551FE8A4C700AAFC9B /* ViewController.swift */,
			);
			name = Swift;
			sourceTree = "<group>";
		};
		C1F730961FE9809400AA1F47 /* Views */ = {
			isa = PBXGroup;
			children = (
				C1F7308F1FE9805900AA1F47 /* LaunchScreen.storyboard */,
				C1F730911FE9805900AA1F47 /* Main.storyboard */,
			);
			name = Views;
			sourceTree = "<group>";
		};
/* End PBXGroup section */

/* Begin PBXNativeTarget section */
		C1B61B821FE74E7500524FE4 /* j2objcApp */ = {
			isa = PBXNativeTarget;
			buildConfigurationList = C1B61B981FE74E7500524FE4 /* Build configuration list for PBXNativeTarget "j2objcApp" */;
			buildPhases = (
				C0B18793A1AAE90BDC406024 /* [CP] Check Pods Manifest.lock */,
				C1B61B7F1FE74E7500524FE4 /* Sources */,
				C1B61B801FE74E7500524FE4 /* Frameworks */,
				C1B61B811FE74E7500524FE4 /* Resources */,
				3117DE5F4B6A7A246B2E592B /* [CP] Embed Pods Frameworks */,
			);
			buildRules = (
			);
			dependencies = (
			);
			name = j2objcApp;
			productName = j2objcApp;
			productReference = C1B61B831FE74E7500524FE4 /* j2objcApp.app */;
			productType = "com.apple.product-type.application";
		};
/* End PBXNativeTarget section */

/* Begin PBXProject section */
		C1B61B7B1FE74E7500524FE4 /* Project object */ = {
			isa = PBXProject;
			attributes = {
				LastSwiftUpdateCheck = 0830;
				LastUpgradeCheck = 0830;
				ORGANIZATIONNAME = "Ricardo Bocchi";
				TargetAttributes = {
					C1B61B821FE74E7500524FE4 = {
						CreatedOnToolsVersion = 8.3.3;
						DevelopmentTeam = QVUFUDQE96;
						ProvisioningStyle = Automatic;
					};
				};
			};
			buildConfigurationList = C1B61B7E1FE74E7500524FE4 /* Build configuration list for PBXProject "j2objcApp" */;
			compatibilityVersion = "Xcode 3.2";
			developmentRegion = English;
			hasScannedForEncodings = 0;
			knownRegions = (
				en,
				Base,
			);
			mainGroup = C1B61B7A1FE74E7500524FE4;
			productRefGroup = C1B61B841FE74E7500524FE4 /* Products */;
			projectDirPath = "";
			projectRoot = "";
			targets = (
				C1B61B821FE74E7500524FE4 /* j2objcApp */,
			);
		};
/* End PBXProject section */

/* Begin PBXResourcesBuildPhase section */
		C1B61B811FE74E7500524FE4 /* Resources */ = {
			isa = PBXResourcesBuildPhase;
			buildActionMask = 2147483647;
			files = (
				8C9B3DC021DD597500633621 /* MetroUI_Mac_App_Store.png in Resources */,
				C1F730941FE9805900AA1F47 /* Main.storyboard in Resources */,
				C1F730931FE9805900AA1F47 /* LaunchScreen.storyboard in Resources */,
				C187B1571FE8A4C700AAFC9B /* Assets.xcassets in Resources */,
			);
			runOnlyForDeploymentPostprocessing = 0;
		};
/* End PBXResourcesBuildPhase section */

/* Begin PBXShellScriptBuildPhase section */
		3117DE5F4B6A7A246B2E592B /* [CP] Embed Pods Frameworks */ = {
			isa = PBXShellScriptBuildPhase;
			buildActionMask = 2147483647;
			files = (
			);
			inputPaths = (
				"${SRCROOT}/Pods/Target Support Files/Pods-j2objcApp/Pods-j2objcApp-frameworks.sh",
				"${BUILT_PRODUCTS_DIR}/AppShare/AppShare.framework",
				"${BUILT_PRODUCTS_DIR}/IQKeyboardManagerSwift/IQKeyboardManagerSwift.framework",
				"${BUILT_PRODUCTS_DIR}/sqlite3/sqlite3.framework",
			);
			name = "[CP] Embed Pods Frameworks";
			outputPaths = (
				"${TARGET_BUILD_DIR}/${FRAMEWORKS_FOLDER_PATH}/AppShare.framework",
				"${TARGET_BUILD_DIR}/${FRAMEWORKS_FOLDER_PATH}/IQKeyboardManagerSwift.framework",
				"${TARGET_BUILD_DIR}/${FRAMEWORKS_FOLDER_PATH}/sqlite3.framework",
			);
			runOnlyForDeploymentPostprocessing = 0;
			shellPath = /bin/sh;
			shellScript = "\"${SRCROOT}/Pods/Target Support Files/Pods-j2objcApp/Pods-j2objcApp-frameworks.sh\"\n";
			showEnvVarsInLog = 0;
		};
		C0B18793A1AAE90BDC406024 /* [CP] Check Pods Manifest.lock */ = {
			isa = PBXShellScriptBuildPhase;
			buildActionMask = 2147483647;
			files = (
			);
			inputPaths = (
				"${PODS_PODFILE_DIR_PATH}/Podfile.lock",
				"${PODS_ROOT}/Manifest.lock",
			);
			name = "[CP] Check Pods Manifest.lock";
			outputPaths = (
				"$(DERIVED_FILE_DIR)/Pods-j2objcApp-checkManifestLockResult.txt",
			);
			runOnlyForDeploymentPostprocessing = 0;
			shellPath = /bin/sh;
			shellScript = "diff \"${PODS_PODFILE_DIR_PATH}/Podfile.lock\" \"${PODS_ROOT}/Manifest.lock\" > /dev/null\nif [ $? != 0 ] ; then\n    # print error to STDERR\n    echo \"error: The sandbox is not in sync with the Podfile.lock. Run 'pod install' or update your CocoaPods installation.\" >&2\n    exit 1\nfi\n# This output is used by Xcode 'outputs' to avoid re-running this script phase.\necho \"SUCCESS\" > \"${SCRIPT_OUTPUT_FILE_0}\"\n";
			showEnvVarsInLog = 0;
		};
/* End PBXShellScriptBuildPhase section */

/* Begin PBXSourcesBuildPhase section */
		C1B61B7F1FE74E7500524FE4 /* Sources */ = {
			isa = PBXSourcesBuildPhase;
			buildActionMask = 2147483647;
			files = (
				C187B15A1FE8A4C700AAFC9B /* j2objcApp.xcdatamodeld in Sources */,
				C187B1561FE8A4C700AAFC9B /* AppDelegate.swift in Sources */,
				C187B15B1FE8A4C700AAFC9B /* ViewController.swift in Sources */,
			);
			runOnlyForDeploymentPostprocessing = 0;
		};
/* End PBXSourcesBuildPhase section */

/* Begin PBXVariantGroup section */
		C1F7308F1FE9805900AA1F47 /* LaunchScreen.storyboard */ = {
			isa = PBXVariantGroup;
			children = (
				C1F730901FE9805900AA1F47 /* Base */,
			);
			name = LaunchScreen.storyboard;
			sourceTree = "<group>";
		};
		C1F730911FE9805900AA1F47 /* Main.storyboard */ = {
			isa = PBXVariantGroup;
			children = (
				C1F730921FE9805900AA1F47 /* Base */,
			);
			name = Main.storyboard;
			sourceTree = "<group>";
		};
/* End PBXVariantGroup section */

/* Begin XCBuildConfiguration section */
		C1B61B961FE74E7500524FE4 /* Debug */ = {
			isa = XCBuildConfiguration;
			buildSettings = {
				ALWAYS_SEARCH_USER_PATHS = NO;
				CLANG_ANALYZER_NONNULL = YES;
				CLANG_ANALYZER_NUMBER_OBJECT_CONVERSION = YES_AGGRESSIVE;
				CLANG_CXX_LANGUAGE_STANDARD = "gnu++0x";
				CLANG_CXX_LIBRARY = "libc++";
				CLANG_ENABLE_MODULES = YES;
				CLANG_ENABLE_OBJC_ARC = YES;
				CLANG_WARN_BOOL_CONVERSION = YES;
				CLANG_WARN_CONSTANT_CONVERSION = YES;
				CLANG_WARN_DIRECT_OBJC_ISA_USAGE = YES_ERROR;
				CLANG_WARN_DOCUMENTATION_COMMENTS = YES;
				CLANG_WARN_EMPTY_BODY = YES;
				CLANG_WARN_ENUM_CONVERSION = YES;
				CLANG_WARN_INFINITE_RECURSION = YES;
				CLANG_WARN_INT_CONVERSION = YES;
				CLANG_WARN_OBJC_ROOT_CLASS = YES_ERROR;
				CLANG_WARN_SUSPICIOUS_MOVE = YES;
				CLANG_WARN_UNREACHABLE_CODE = YES;
				CLANG_WARN__DUPLICATE_METHOD_MATCH = YES;
				"CODE_SIGN_IDENTITY[sdk=iphoneos*]" = "iPhone Developer";
				COPY_PHASE_STRIP = NO;
				DEBUG_INFORMATION_FORMAT = dwarf;
				ENABLE_STRICT_OBJC_MSGSEND = YES;
				ENABLE_TESTABILITY = YES;
				GCC_C_LANGUAGE_STANDARD = gnu99;
				GCC_DYNAMIC_NO_PIC = NO;
				GCC_NO_COMMON_BLOCKS = YES;
				GCC_OPTIMIZATION_LEVEL = 0;
				GCC_PREPROCESSOR_DEFINITIONS = (
					"DEBUG=1",
					"$(inherited)",
				);
				GCC_WARN_64_TO_32_BIT_CONVERSION = YES;
				GCC_WARN_ABOUT_RETURN_TYPE = YES_ERROR;
				GCC_WARN_UNDECLARED_SELECTOR = YES;
				GCC_WARN_UNINITIALIZED_AUTOS = YES_AGGRESSIVE;
				GCC_WARN_UNUSED_FUNCTION = YES;
				GCC_WARN_UNUSED_VARIABLE = YES;
				IPHONEOS_DEPLOYMENT_TARGET = 10.3;
				MTL_ENABLE_DEBUG_INFO = YES;
				ONLY_ACTIVE_ARCH = NO;
				SDKROOT = iphoneos;
				SWIFT_ACTIVE_COMPILATION_CONDITIONS = DEBUG;
				SWIFT_OPTIMIZATION_LEVEL = "-Onone";
				TARGETED_DEVICE_FAMILY = "1,2";
			};
			name = Debug;
		};
		C1B61B971FE74E7500524FE4 /* Release */ = {
			isa = XCBuildConfiguration;
			buildSettings = {
				ALWAYS_SEARCH_USER_PATHS = NO;
				CLANG_ANALYZER_NONNULL = YES;
				CLANG_ANALYZER_NUMBER_OBJECT_CONVERSION = YES_AGGRESSIVE;
				CLANG_CXX_LANGUAGE_STANDARD = "gnu++0x";
				CLANG_CXX_LIBRARY = "libc++";
				CLANG_ENABLE_MODULES = YES;
				CLANG_ENABLE_OBJC_ARC = YES;
				CLANG_WARN_BOOL_CONVERSION = YES;
				CLANG_WARN_CONSTANT_CONVERSION = YES;
				CLANG_WARN_DIRECT_OBJC_ISA_USAGE = YES_ERROR;
				CLANG_WARN_DOCUMENTATION_COMMENTS = YES;
				CLANG_WARN_EMPTY_BODY = YES;
				CLANG_WARN_ENUM_CONVERSION = YES;
				CLANG_WARN_INFINITE_RECURSION = YES;
				CLANG_WARN_INT_CONVERSION = YES;
				CLANG_WARN_OBJC_ROOT_CLASS = YES_ERROR;
				CLANG_WARN_SUSPICIOUS_MOVE = YES;
				CLANG_WARN_UNREACHABLE_CODE = YES;
				CLANG_WARN__DUPLICATE_METHOD_MATCH = YES;
				"CODE_SIGN_IDENTITY[sdk=iphoneos*]" = "iPhone Developer";
				COPY_PHASE_STRIP = NO;
				DEBUG_INFORMATION_FORMAT = "dwarf-with-dsym";
				ENABLE_NS_ASSERTIONS = NO;
				ENABLE_STRICT_OBJC_MSGSEND = YES;
				GCC_C_LANGUAGE_STANDARD = gnu99;
				GCC_NO_COMMON_BLOCKS = YES;
				GCC_WARN_64_TO_32_BIT_CONVERSION = YES;
				GCC_WARN_ABOUT_RETURN_TYPE = YES_ERROR;
				GCC_WARN_UNDECLARED_SELECTOR = YES;
				GCC_WARN_UNINITIALIZED_AUTOS = YES_AGGRESSIVE;
				GCC_WARN_UNUSED_FUNCTION = YES;
				GCC_WARN_UNUSED_VARIABLE = YES;
				IPHONEOS_DEPLOYMENT_TARGET = 10.3;
				MTL_ENABLE_DEBUG_INFO = NO;
				ONLY_ACTIVE_ARCH = NO;
				SDKROOT = iphoneos;
				SWIFT_OPTIMIZATION_LEVEL = "-Owholemodule";
				TARGETED_DEVICE_FAMILY = "1,2";
				VALIDATE_PRODUCT = YES;
			};
			name = Release;
		};
		C1B61B991FE74E7500524FE4 /* Debug */ = {
			isa = XCBuildConfiguration;
			baseConfigurationReference = 0D6768043161A2B90BA76945 /* Pods-j2objcApp.debug.xcconfig */;
			buildSettings = {
				ASSETCATALOG_COMPILER_APPICON_NAME = AppIcon;
				DEVELOPMENT_TEAM = QVUFUDQE96;
				FRAMEWORK_SEARCH_PATHS = (
					"$PODS_CONFIGURATION_BUILD_DIR/**",
					$PODS_CONFIGURATION_BUILD_DIR/IQKeyboardManagerSwift,
				);
				GIT_REPO_HOME = /Users/ricardobocchi/sources/repository;
				HEADER_SEARCH_PATHS = "${J2OBJC_HOME}/include";
				INFOPLIST_FILE = j2objcApp/Info.plist;
				J2OBJC_HOME = /opt/j2objc;
				LD_RUNPATH_SEARCH_PATHS = "$(inherited) @executable_path/Frameworks";
				LIBRARY_SEARCH_PATHS = "";
				ONLY_ACTIVE_ARCH = YES;
				OTHER_LDFLAGS = "$(inherited)";
				PRODUCT_BUNDLE_IDENTIFIER = br.com.mobilemind.j2objcApp;
				PRODUCT_NAME = "$(TARGET_NAME)";
				SWIFT_OBJC_BRIDGING_HEADER = "j2objcApp-Bridging-Header.h";
				SWIFT_VERSION = 3.0;
				SYSTEM_FRAMEWORK_SEARCH_PATHS = "";
				USER_HEADER_SEARCH_PATHS = "\"../../share/ios/AppShare/Classes/\"";
				VALID_ARCHS = "arm64 armv7 armv7s";
			};
			name = Debug;
		};
		C1B61B9A1FE74E7500524FE4 /* Release */ = {
			isa = XCBuildConfiguration;
			baseConfigurationReference = 10E0723348A3E4FECA4C0F30 /* Pods-j2objcApp.release.xcconfig */;
			buildSettings = {
				ASSETCATALOG_COMPILER_APPICON_NAME = AppIcon;
				DEVELOPMENT_TEAM = QVUFUDQE96;
				FRAMEWORK_SEARCH_PATHS = (
					"$PODS_CONFIGURATION_BUILD_DIR/**",
					$PODS_CONFIGURATION_BUILD_DIR/IQKeyboardManagerSwift,
				);
				GIT_REPO_HOME = /Users/ricardobocchi/sources/repository;
				HEADER_SEARCH_PATHS = "${J2OBJC_HOME}/include";
				INFOPLIST_FILE = j2objcApp/Info.plist;
				J2OBJC_HOME = /opt/j2objc;
				LD_RUNPATH_SEARCH_PATHS = "$(inherited) @executable_path/Frameworks";
				LIBRARY_SEARCH_PATHS = "";
				ONLY_ACTIVE_ARCH = YES;
				OTHER_LDFLAGS = "$(inherited)";
				PRODUCT_BUNDLE_IDENTIFIER = br.com.mobilemind.j2objcApp;
				PRODUCT_NAME = "$(TARGET_NAME)";
				SWIFT_OBJC_BRIDGING_HEADER = "j2objcApp-Bridging-Header.h";
				SWIFT_VERSION = 3.0;
				SYSTEM_FRAMEWORK_SEARCH_PATHS = "";
				USER_HEADER_SEARCH_PATHS = "\"../../share/ios/AppShare/Classes/\"";
				VALID_ARCHS = "arm64 armv7 armv7s";
			};
			name = Release;
		};
/* End XCBuildConfiguration section */

/* Begin XCConfigurationList section */
		C1B61B7E1FE74E7500524FE4 /* Build configuration list for PBXProject "j2objcApp" */ = {
			isa = XCConfigurationList;
			buildConfigurations = (
				C1B61B961FE74E7500524FE4 /* Debug */,
				C1B61B971FE74E7500524FE4 /* Release */,
			);
			defaultConfigurationIsVisible = 0;
			defaultConfigurationName = Release;
		};
		C1B61B981FE74E7500524FE4 /* Build configuration list for PBXNativeTarget "j2objcApp" */ = {
			isa = XCConfigurationList;
			buildConfigurations = (
				C1B61B991FE74E7500524FE4 /* Debug */,
				C1B61B9A1FE74E7500524FE4 /* Release */,
			);
			defaultConfigurationIsVisible = 0;
			defaultConfigurationName = Release;
		};
/* End XCConfigurationList section */

/* Begin XCVersionGroup section */
		C187B1531FE8A4C700AAFC9B /* j2objcApp.xcdatamodeld */ = {
			isa = XCVersionGroup;
			children = (
				C187B1541FE8A4C700AAFC9B /* j2objcApp.xcdatamodel */,
			);
			currentVersion = C187B1541FE8A4C700AAFC9B /* j2objcApp.xcdatamodel */;
			name = j2objcApp.xcdatamodeld;
			path = j2objcApp/j2objcApp.xcdatamodeld;
			sourceTree = "<group>";
			versionGroupType = wrapper.xcdatamodel;
		};
/* End XCVersionGroup section */
	};
	rootObject = C1B61B7B1FE74E7500524FE4 /* Project object */;
}
